
Microsoft Visual Studio Solution File, Format Version 12.00
# Visual Studio Version 17
VisualStudioVersion = 17.7.34024.191
MinimumVisualStudioVersion = 10.0.40219.1
Project("{FAE04EC0-301F-11D3-BF4B-00C04F79EFBC}") = "Notes.Identity", "Notes.Identity\Notes.Identity.csproj", "{2629DDDA-DD66-407D-9E97-06FB37401855}"
EndProject
Global
	GlobalSection(SolutionConfigurationPlatforms) = preSolution
		Debug|Any CPU = Debug|Any CPU
		Release|Any CPU = Release|Any CPU
	EndGlobalSection
	GlobalSection(ProjectConfigurationPlatforms) = postSolution
		{2629DDDA-DD66-407D-9E97-06FB37401855}.Debug|Any CPU.ActiveCfg = Debug|Any CPU
		{2629DDDA-DD66-407D-9E97-06FB37401855}.Debug|Any CPU.Build.0 = Debug|Any CPU
		{2629DDDA-DD66-407D-9E97-06FB37401855}.Release|Any CPU.ActiveCfg = Release|Any CPU
		{2629DDDA-DD66-407D-9E97-06FB37401855}.Release|Any CPU.Build.0 = Release|Any CPU
	EndGlobalSection
	GlobalSection(SolutionProperties) = preSolution
		HideSolutionNode = FALSE
	EndGlobalSection
	GlobalSection(ExtensibilityGlobals) = postSolution
		SolutionGuid = {A722D0FF-1574-408B-AC80-EB48A7E11310}
	EndGlobalSection
EndGlobal
